Microsoft Visual Studio Solution File, Format Version 12.00
# Visual Studio Version 17
VisualStudioVersion = 17.5.2.0
MinimumVisualStudioVersion = 10.0.40219.1
Project("{FAE04EC0-301F-11D3-BF4B-00C04F79EFBC}") = "WhaleSpottingBackend", "WhaleSpottingBackend.csproj", "{D483C9D2-2315-AD62-F492-7A08AFC5C9EE}"
EndProject
Global
	GlobalSection(SolutionConfigurationPlatforms) = preSolution
		Debug|Any CPU = Debug|Any CPU
		Release|Any CPU = Release|Any CPU
	EndGlobalSection
	GlobalSection(ProjectConfigurationPlatforms) = postSolution
		{D483C9D2-2315-AD62-F492-7A08AFC5C9EE}.Debug|Any CPU.ActiveCfg = Debug|Any CPU
		{D483C9D2-2315-AD62-F492-7A08AFC5C9EE}.Debug|Any CPU.Build.0 = Debug|Any CPU
		{D483C9D2-2315-AD62-F492-7A08AFC5C9EE}.Release|Any CPU.ActiveCfg = Release|Any CPU
		{D483C9D2-2315-AD62-F492-7A08AFC5C9EE}.Release|Any CPU.Build.0 = Release|Any CPU
	EndGlobalSection
	GlobalSection(SolutionProperties) = preSolution
		HideSolutionNode = FALSE
	EndGlobalSection
	GlobalSection(ExtensibilityGlobals) = postSolution
		SolutionGuid = {6BEEB92A-94E5-4CE0-BB9F-AB4F90F9BB35}
	EndGlobalSection
EndGlobal
